
Microsoft Visual Studio Solution File, Format Version 11.00
# Visual Studio 2010
Project("{FAE04EC0-301F-11D3-BF4B-00C04F79EFBC}") = "Practice", "Practice\Practice.csproj", "{303E5C72-2B87-487B-A88D-7F7EC9CD0EF6}"
	ProjectSection(ProjectDependencies) = postProject
		{21CB9C75-D363-4FC1-84E3-0DE085C32417} = {21CB9C75-D363-4FC1-84E3-0DE085C32417}
	EndProjectSection
EndProject
Project("{FAE04EC0-301F-11D3-BF4B-00C04F79EFBC}") = "IniFile", "IniFile\IniFile.csproj", "{8F71EA20-0448-44A7-81D7-ABC6F03FA77B}"
EndProject
Project("{FAE04EC0-301F-11D3-BF4B-00C04F79EFBC}") = "SqlFile", "SqlFile\SqlFile.csproj", "{21CB9C75-D363-4FC1-84E3-0DE085C32417}"
EndProject
Global
	GlobalSection(SolutionConfigurationPlatforms) = preSolution
		Debug|Any CPU = Debug|Any CPU
		Debug|Mixed Platforms = Debug|Mixed Platforms
		Debug|x86 = Debug|x86
		Release|Any CPU = Release|Any CPU
		Release|Mixed Platforms = Release|Mixed Platforms
		Release|x86 = Release|x86
	EndGlobalSection
	GlobalSection(ProjectConfigurationPlatforms) = postSolution
		{303E5C72-2B87-487B-A88D-7F7EC9CD0EF6}.Debug|Any CPU.ActiveCfg = Debug|x86
		{303E5C72-2B87-487B-A88D-7F7EC9CD0EF6}.Debug|Mixed Platforms.ActiveCfg = Debug|x86
		{303E5C72-2B87-487B-A88D-7F7EC9CD0EF6}.Debug|Mixed Platforms.Build.0 = Debug|x86
		{303E5C72-2B87-487B-A88D-7F7EC9CD0EF6}.Debug|x86.ActiveCfg = Debug|x86
		{303E5C72-2B87-487B-A88D-7F7EC9CD0EF6}.Debug|x86.Build.0 = Debug|x86
		{303E5C72-2B87-487B-A88D-7F7EC9CD0EF6}.Release|Any CPU.ActiveCfg = Release|x86
		{303E5C72-2B87-487B-A88D-7F7EC9CD0EF6}.Release|Mixed Platforms.ActiveCfg = Release|x86
		{303E5C72-2B87-487B-A88D-7F7EC9CD0EF6}.Release|Mixed Platforms.Build.0 = Release|x86
		{303E5C72-2B87-487B-A88D-7F7EC9CD0EF6}.Release|x86.ActiveCfg = Release|x86
		{303E5C72-2B87-487B-A88D-7F7EC9CD0EF6}.Release|x86.Build.0 = Release|x86
		{8F71EA20-0448-44A7-81D7-ABC6F03FA77B}.Debug|Any CPU.ActiveCfg = Debug|Any CPU
		{8F71EA20-0448-44A7-81D7-ABC6F03FA77B}.Debug|Any CPU.Build.0 = Debug|Any CPU
		{8F71EA20-0448-44A7-81D7-ABC6F03FA77B}.Debug|Mixed Platforms.ActiveCfg = Debug|Any CPU
		{8F71EA20-0448-44A7-81D7-ABC6F03FA77B}.Debug|Mixed Platforms.Build.0 = Debug|Any CPU
		{8F71EA20-0448-44A7-81D7-ABC6F03FA77B}.Debug|x86.ActiveCfg = Debug|Any CPU
		{8F71EA20-0448-44A7-81D7-ABC6F03FA77B}.Release|Any CPU.ActiveCfg = Release|Any CPU
		{8F71EA20-0448-44A7-81D7-ABC6F03FA77B}.Release|Any CPU.Build.0 = Release|Any CPU
		{8F71EA20-0448-44A7-81D7-ABC6F03FA77B}.Release|Mixed Platforms.ActiveCfg = Release|Any CPU
		{8F71EA20-0448-44A7-81D7-ABC6F03FA77B}.Release|Mixed Platforms.Build.0 = Release|Any CPU
		{8F71EA20-0448-44A7-81D7-ABC6F03FA77B}.Release|x86.ActiveCfg = Release|Any CPU
		{21CB9C75-D363-4FC1-84E3-0DE085C32417}.Debug|Any CPU.ActiveCfg = Debug|Any CPU
		{21CB9C75-D363-4FC1-84E3-0DE085C32417}.Debug|Any CPU.Build.0 = Debug|Any CPU
		{21CB9C75-D363-4FC1-84E3-0DE085C32417}.Debug|Mixed Platforms.ActiveCfg = Debug|Any CPU
		{21CB9C75-D363-4FC1-84E3-0DE085C32417}.Debug|Mixed Platforms.Build.0 = Debug|Any CPU
		{21CB9C75-D363-4FC1-84E3-0DE085C32417}.Debug|x86.ActiveCfg = Debug|Any CPU
		{21CB9C75-D363-4FC1-84E3-0DE085C32417}.Release|Any CPU.ActiveCfg = Release|Any CPU
		{21CB9C75-D363-4FC1-84E3-0DE085C32417}.Release|Any CPU.Build.0 = Release|Any CPU
		{21CB9C75-D363-4FC1-84E3-0DE085C32417}.Release|Mixed Platforms.ActiveCfg = Release|Any CPU
		{21CB9C75-D363-4FC1-84E3-0DE085C32417}.Release|Mixed Platforms.Build.0 = Release|Any CPU
		{21CB9C75-D363-4FC1-84E3-0DE085C32417}.Release|x86.ActiveCfg = Release|Any CPU
	EndGlobalSection
	GlobalSection(SolutionProperties) = preSolution
		HideSolutionNode = FALSE
	EndGlobalSection
EndGlobal
